
Microsoft Visual Studio Solution File, Format Version 12.00
# Visual Studio Version 16
VisualStudioVersion = 16.0.29503.13
MinimumVisualStudioVersion = 10.0.40219.1
Project("{2150E333-8FDC-42A3-9474-1A3956D46DE8}") = "Base", "Base", "{D9B3D2FF-7270-422C-AB97-9568AFA47A27}"
EndProject
Project("{2150E333-8FDC-42A3-9474-1A3956D46DE8}") = "Data", "Data", "{1FC2EDAF-488A-40C9-94D9-D78D747E85B1}"
EndProject
Project("{FAE04EC0-301F-11D3-BF4B-00C04F79EFBC}") = "Core.Base.Data", "Core.Base.Data\Core.Base.Data.csproj", "{DCD06438-4464-466E-851E-946BBE672694}"
EndProject
Project("{FAE04EC0-301F-11D3-BF4B-00C04F79EFBC}") = "Core.Base.Data.SqlServer", "Core.Base.Data.SqlServer\Core.Base.Data.SqlServer.csproj", "{D6028B67-70FB-4960-99C8-E4E69923BE4E}"
EndProject
Project("{2150E333-8FDC-42A3-9474-1A3956D46DE8}") = "CodeGenerator", "CodeGenerator", "{F15120D0-CA29-49CE-941C-1A322874F589}"
EndProject
Project("{FAE04EC0-301F-11D3-BF4B-00C04F79EFBC}") = "T4Scaffolding", "T4Scaffolding\T4Scaffolding.csproj", "{7E433915-21E5-4C67-8D53-C2456BFA005E}"
EndProject
Project("{2150E333-8FDC-42A3-9474-1A3956D46DE8}") = "BR", "BR", "{B3A00FD4-416D-4270-9D3A-28A49223BC87}"
EndProject
Project("{2150E333-8FDC-42A3-9474-1A3956D46DE8}") = "Data", "Data", "{D3F3116C-94DD-4908-A664-18C083D9F362}"
EndProject
Project("{FAE04EC0-301F-11D3-BF4B-00C04F79EFBC}") = "BR.Core.Data", "BR.Core.Data\BR.Core.Data.csproj", "{EABF0934-4628-4E3A-990B-D078BFF63B02}"
EndProject
Project("{FAE04EC0-301F-11D3-BF4B-00C04F79EFBC}") = "BR.Core.Data.Model", "BR.Core.Data.Model\BR.Core.Data.Model.csproj", "{05D6F96A-4581-4670-A848-45C3FBA243E3}"
EndProject
Project("{FAE04EC0-301F-11D3-BF4B-00C04F79EFBC}") = "BR.Core.Data.SqlServer", "BR.Core.Data.SqlServer\BR.Core.Data.SqlServer.csproj", "{07E4291F-9015-44DE-AF77-4A5A9C8BFBED}"
EndProject
Project("{FAE04EC0-301F-11D3-BF4B-00C04F79EFBC}") = "CoreConsoleTest", "CoreConsoleTest\CoreConsoleTest.csproj", "{826BE3BA-E556-4B2B-9102-CF03DB990566}"
EndProject
Project("{FAE04EC0-301F-11D3-BF4B-00C04F79EFBC}") = "CoreDataTierTest", "CoreDataTierTest\CoreDataTierTest.csproj", "{549C3FA7-7268-4A69-A499-FA1572F32B7B}"
EndProject
Project("{FAE04EC0-301F-11D3-BF4B-00C04F79EFBC}") = "CoreBusinessTierTest", "CoreBusinessTierTest\CoreBusinessTierTest.csproj", "{9B4D14E2-5470-4299-96B6-5D1528073F43}"
EndProject
Global
	GlobalSection(SolutionConfigurationPlatforms) = preSolution
		Debug|Any CPU = Debug|Any CPU
		Release|Any CPU = Release|Any CPU
	EndGlobalSection
	GlobalSection(ProjectConfigurationPlatforms) = postSolution
		{DCD06438-4464-466E-851E-946BBE672694}.Debug|Any CPU.ActiveCfg = Debug|Any CPU
		{DCD06438-4464-466E-851E-946BBE672694}.Debug|Any CPU.Build.0 = Debug|Any CPU
		{DCD06438-4464-466E-851E-946BBE672694}.Release|Any CPU.ActiveCfg = Release|Any CPU
		{DCD06438-4464-466E-851E-946BBE672694}.Release|Any CPU.Build.0 = Release|Any CPU
		{D6028B67-70FB-4960-99C8-E4E69923BE4E}.Debug|Any CPU.ActiveCfg = Debug|Any CPU
		{D6028B67-70FB-4960-99C8-E4E69923BE4E}.Debug|Any CPU.Build.0 = Debug|Any CPU
		{D6028B67-70FB-4960-99C8-E4E69923BE4E}.Release|Any CPU.ActiveCfg = Release|Any CPU
		{D6028B67-70FB-4960-99C8-E4E69923BE4E}.Release|Any CPU.Build.0 = Release|Any CPU
		{7E433915-21E5-4C67-8D53-C2456BFA005E}.Debug|Any CPU.ActiveCfg = Debug|Any CPU
		{7E433915-21E5-4C67-8D53-C2456BFA005E}.Debug|Any CPU.Build.0 = Debug|Any CPU
		{7E433915-21E5-4C67-8D53-C2456BFA005E}.Release|Any CPU.ActiveCfg = Release|Any CPU
		{7E433915-21E5-4C67-8D53-C2456BFA005E}.Release|Any CPU.Build.0 = Release|Any CPU
		{EABF0934-4628-4E3A-990B-D078BFF63B02}.Debug|Any CPU.ActiveCfg = Debug|Any CPU
		{EABF0934-4628-4E3A-990B-D078BFF63B02}.Debug|Any CPU.Build.0 = Debug|Any CPU
		{EABF0934-4628-4E3A-990B-D078BFF63B02}.Release|Any CPU.ActiveCfg = Release|Any CPU
		{EABF0934-4628-4E3A-990B-D078BFF63B02}.Release|Any CPU.Build.0 = Release|Any CPU
		{05D6F96A-4581-4670-A848-45C3FBA243E3}.Debug|Any CPU.ActiveCfg = Debug|Any CPU
		{05D6F96A-4581-4670-A848-45C3FBA243E3}.Debug|Any CPU.Build.0 = Debug|Any CPU
		{05D6F96A-4581-4670-A848-45C3FBA243E3}.Release|Any CPU.ActiveCfg = Release|Any CPU
		{05D6F96A-4581-4670-A848-45C3FBA243E3}.Release|Any CPU.Build.0 = Release|Any CPU
		{07E4291F-9015-44DE-AF77-4A5A9C8BFBED}.Debug|Any CPU.ActiveCfg = Debug|Any CPU
		{07E4291F-9015-44DE-AF77-4A5A9C8BFBED}.Debug|Any CPU.Build.0 = Debug|Any CPU
		{07E4291F-9015-44DE-AF77-4A5A9C8BFBED}.Release|Any CPU.ActiveCfg = Release|Any CPU
		{07E4291F-9015-44DE-AF77-4A5A9C8BFBED}.Release|Any CPU.Build.0 = Release|Any CPU
		{826BE3BA-E556-4B2B-9102-CF03DB990566}.Debug|Any CPU.ActiveCfg = Debug|Any CPU
		{826BE3BA-E556-4B2B-9102-CF03DB990566}.Debug|Any CPU.Build.0 = Debug|Any CPU
		{826BE3BA-E556-4B2B-9102-CF03DB990566}.Release|Any CPU.ActiveCfg = Release|Any CPU
		{826BE3BA-E556-4B2B-9102-CF03DB990566}.Release|Any CPU.Build.0 = Release|Any CPU
		{549C3FA7-7268-4A69-A499-FA1572F32B7B}.Debug|Any CPU.ActiveCfg = Debug|Any CPU
		{549C3FA7-7268-4A69-A499-FA1572F32B7B}.Debug|Any CPU.Build.0 = Debug|Any CPU
		{549C3FA7-7268-4A69-A499-FA1572F32B7B}.Release|Any CPU.ActiveCfg = Release|Any CPU
		{549C3FA7-7268-4A69-A499-FA1572F32B7B}.Release|Any CPU.Build.0 = Release|Any CPU
		{9B4D14E2-5470-4299-96B6-5D1528073F43}.Debug|Any CPU.ActiveCfg = Debug|Any CPU
		{9B4D14E2-5470-4299-96B6-5D1528073F43}.Debug|Any CPU.Build.0 = Debug|Any CPU
		{9B4D14E2-5470-4299-96B6-5D1528073F43}.Release|Any CPU.ActiveCfg = Release|Any CPU
		{9B4D14E2-5470-4299-96B6-5D1528073F43}.Release|Any CPU.Build.0 = Release|Any CPU
	EndGlobalSection
	GlobalSection(SolutionProperties) = preSolution
		HideSolutionNode = FALSE
	EndGlobalSection
	GlobalSection(NestedProjects) = preSolution
		{1FC2EDAF-488A-40C9-94D9-D78D747E85B1} = {D9B3D2FF-7270-422C-AB97-9568AFA47A27}
		{DCD06438-4464-466E-851E-946BBE672694} = {1FC2EDAF-488A-40C9-94D9-D78D747E85B1}
		{D6028B67-70FB-4960-99C8-E4E69923BE4E} = {1FC2EDAF-488A-40C9-94D9-D78D747E85B1}
		{7E433915-21E5-4C67-8D53-C2456BFA005E} = {F15120D0-CA29-49CE-941C-1A322874F589}
		{D3F3116C-94DD-4908-A664-18C083D9F362} = {B3A00FD4-416D-4270-9D3A-28A49223BC87}
		{EABF0934-4628-4E3A-990B-D078BFF63B02} = {D3F3116C-94DD-4908-A664-18C083D9F362}
		{05D6F96A-4581-4670-A848-45C3FBA243E3} = {D3F3116C-94DD-4908-A664-18C083D9F362}
		{07E4291F-9015-44DE-AF77-4A5A9C8BFBED} = {D3F3116C-94DD-4908-A664-18C083D9F362}
	EndGlobalSection
	GlobalSection(ExtensibilityGlobals) = postSolution
		SolutionGuid = {21BAFB55-F222-4043-B170-DEE1F3BA7B36}
	EndGlobalSection
EndGlobal
